
Microsoft Visual Studio Solution File, Format Version 12.00
# Visual Studio Version 17
VisualStudioVersion = 17.7.34024.191
MinimumVisualStudioVersion = 10.0.40219.1
Project("{9A19103F-16F7-4668-BE54-9A1E7A4F7556}") = "ServiceBusUtil", "ServiceBusUtil.csproj", "{5C2AA465-72F8-48E8-9E2B-493E95156C6E}"
EndProject
Global
	GlobalSection(SolutionConfigurationPlatforms) = preSolution
		Debug|Any CPU = Debug|Any CPU
		Release|Any CPU = Release|Any CPU
	EndGlobalSection
	GlobalSection(ProjectConfigurationPlatforms) = postSolution
		{5C2AA465-72F8-48E8-9E2B-493E95156C6E}.Debug|Any CPU.ActiveCfg = Debug|Any CPU
		{5C2AA465-72F8-48E8-9E2B-493E95156C6E}.Debug|Any CPU.Build.0 = Debug|Any CPU
		{5C2AA465-72F8-48E8-9E2B-493E95156C6E}.Release|Any CPU.ActiveCfg = Release|Any CPU
		{5C2AA465-72F8-48E8-9E2B-493E95156C6E}.Release|Any CPU.Build.0 = Release|Any CPU
	EndGlobalSection
	GlobalSection(SolutionProperties) = preSolution
		HideSolutionNode = FALSE
	EndGlobalSection
	GlobalSection(ExtensibilityGlobals) = postSolution
		SolutionGuid = {95D0C14F-BC3A-4B72-98FF-EA116E69B548}
	EndGlobalSection
EndGlobal
